
Microsoft Visual Studio Solution File, Format Version 12.00
# Visual Studio Version 17
VisualStudioVersion = 17.4.33213.308
MinimumVisualStudioVersion = 10.0.40219.1
Project("{FAE04EC0-301F-11D3-BF4B-00C04F79EFBC}") = "DimMultiClient", "DimMultiClient\DimMultiClient.csproj", "{C7B36DDF-FAD7-41E5-9CAC-D6D7D8C67865}"
EndProject
Global
	GlobalSection(SolutionConfigurationPlatforms) = preSolution
		Debug|Any CPU = Debug|Any CPU
		Release|Any CPU = Release|Any CPU
	EndGlobalSection
	GlobalSection(ProjectConfigurationPlatforms) = postSolution
		{C7B36DDF-FAD7-41E5-9CAC-D6D7D8C67865}.Debug|Any CPU.ActiveCfg = Debug|Any CPU
		{C7B36DDF-FAD7-41E5-9CAC-D6D7D8C67865}.Debug|Any CPU.Build.0 = Debug|Any CPU
		{C7B36DDF-FAD7-41E5-9CAC-D6D7D8C67865}.Release|Any CPU.ActiveCfg = Release|Any CPU
		{C7B36DDF-FAD7-41E5-9CAC-D6D7D8C67865}.Release|Any CPU.Build.0 = Release|Any CPU
	EndGlobalSection
	GlobalSection(SolutionProperties) = preSolution
		HideSolutionNode = FALSE
	EndGlobalSection
	GlobalSection(ExtensibilityGlobals) = postSolution
		SolutionGuid = {D5143066-3BAE-4365-A1E3-B228B2B96801}
	EndGlobalSection
EndGlobal
